
Microsoft Visual Studio Solution File, Format Version 12.00
# Visual Studio 2013
VisualStudioVersion = 12.0.31101.0
MinimumVisualStudioVersion = 10.0.40219.1
Project("{FAE04EC0-301F-11D3-BF4B-00C04F79EFBC}") = "CustomFontAndStyles", "CustomFontAndStyles\CustomFontAndStyles\CustomFontAndStyles.csproj", "{CD38AB22-584F-49D6-A831-3AB44097E46E}"
EndProject
Project("{FAE04EC0-301F-11D3-BF4B-00C04F79EFBC}") = "CustomFontAndStyles.iOS", "CustomFontAndStyles\CustomFontAndStyles.iOS\CustomFontAndStyles.iOS.csproj", "{D052AD8A-F968-4CF7-BFD6-85FB8DC06F96}"
EndProject
Project("{FAE04EC0-301F-11D3-BF4B-00C04F79EFBC}") = "CustomFontAndStyles.Droid", "CustomFontAndStyles\CustomFontAndStyles.Droid\CustomFontAndStyles.Droid.csproj", "{1043362B-4A26-432A-B073-3CB07FA5C8DE}"
EndProject
Project("{FAE04EC0-301F-11D3-BF4B-00C04F79EFBC}") = "CustomFontAndStyles.WinPhone", "CustomFontAndStyles\CustomFontAndStyles.WinPhone\CustomFontAndStyles.WinPhone.csproj", "{3BACACE6-E4E9-408E-B68A-F115B5F3CFA5}"
EndProject
Project("{2150E333-8FDC-42A3-9474-1A3956D46DE8}") = ".nuget", ".nuget", "{073C7408-EF5E-4107-AF35-45E743474258}"
	ProjectSection(SolutionItems) = preProject
		.nuget\NuGet.Config = .nuget\NuGet.Config
		.nuget\NuGet.exe = .nuget\NuGet.exe
		.nuget\NuGet.targets = .nuget\NuGet.targets
	EndProjectSection
EndProject
Global
	GlobalSection(SolutionConfigurationPlatforms) = preSolution
		Ad-Hoc|Any CPU = Ad-Hoc|Any CPU
		Ad-Hoc|ARM = Ad-Hoc|ARM
		Ad-Hoc|iPhone = Ad-Hoc|iPhone
		Ad-Hoc|iPhoneSimulator = Ad-Hoc|iPhoneSimulator
		Ad-Hoc|Mixed Platforms = Ad-Hoc|Mixed Platforms
		Ad-Hoc|x86 = Ad-Hoc|x86
		AppStore|Any CPU = AppStore|Any CPU
		AppStore|ARM = AppStore|ARM
		AppStore|iPhone = AppStore|iPhone
		AppStore|iPhoneSimulator = AppStore|iPhoneSimulator
		AppStore|Mixed Platforms = AppStore|Mixed Platforms
		AppStore|x86 = AppStore|x86
		Debug|Any CPU = Debug|Any CPU
		Debug|ARM = Debug|ARM
		Debug|iPhone = Debug|iPhone
		Debug|iPhoneSimulator = Debug|iPhoneSimulator
		Debug|Mixed Platforms = Debug|Mixed Platforms
		Debug|x86 = Debug|x86
		Release|Any CPU = Release|Any CPU
		Release|ARM = Release|ARM
		Release|iPhone = Release|iPhone
		Release|iPhoneSimulator = Release|iPhoneSimulator
		Release|Mixed Platforms = Release|Mixed Platforms
		Release|x86 = Release|x86
	EndGlobalSection
	GlobalSection(ProjectConfigurationPlatforms) = postSolution
		{CD38AB22-584F-49D6-A831-3AB44097E46E}.Ad-Hoc|Any CPU.ActiveCfg = Release|Any CPU
		{CD38AB22-584F-49D6-A831-3AB44097E46E}.Ad-Hoc|Any CPU.Build.0 = Release|Any CPU
		{CD38AB22-584F-49D6-A831-3AB44097E46E}.Ad-Hoc|ARM.ActiveCfg = Release|Any CPU
		{CD38AB22-584F-49D6-A831-3AB44097E46E}.Ad-Hoc|iPhone.ActiveCfg = Release|Any CPU
		{CD38AB22-584F-49D6-A831-3AB44097E46E}.Ad-Hoc|iPhone.Build.0 = Release|Any CPU
		{CD38AB22-584F-49D6-A831-3AB44097E46E}.Ad-Hoc|iPhoneSimulator.ActiveCfg = Release|Any CPU
		{CD38AB22-584F-49D6-A831-3AB44097E46E}.Ad-Hoc|iPhoneSimulator.Build.0 = Release|Any CPU
		{CD38AB22-584F-49D6-A831-3AB44097E46E}.Ad-Hoc|Mixed Platforms.ActiveCfg = Release|Any CPU
		{CD38AB22-584F-49D6-A831-3AB44097E46E}.Ad-Hoc|Mixed Platforms.Build.0 = Release|Any CPU
		{CD38AB22-584F-49D6-A831-3AB44097E46E}.Ad-Hoc|x86.ActiveCfg = Release|Any CPU
		{CD38AB22-584F-49D6-A831-3AB44097E46E}.AppStore|Any CPU.ActiveCfg = Release|Any CPU
		{CD38AB22-584F-49D6-A831-3AB44097E46E}.AppStore|Any CPU.Build.0 = Release|Any CPU
		{CD38AB22-584F-49D6-A831-3AB44097E46E}.AppStore|ARM.ActiveCfg = Release|Any CPU
		{CD38AB22-584F-49D6-A831-3AB44097E46E}.AppStore|iPhone.ActiveCfg = Release|Any CPU
		{CD38AB22-584F-49D6-A831-3AB44097E46E}.AppStore|iPhone.Build.0 = Release|Any CPU
		{CD38AB22-584F-49D6-A831-3AB44097E46E}.AppStore|iPhoneSimulator.ActiveCfg = Release|Any CPU
		{CD38AB22-584F-49D6-A831-3AB44097E46E}.AppStore|Mixed Platforms.ActiveCfg = Release|Any CPU
		{CD38AB22-584F-49D6-A831-3AB44097E46E}.AppStore|Mixed Platforms.Build.0 = Release|Any CPU
		{CD38AB22-584F-49D6-A831-3AB44097E46E}.AppStore|x86.ActiveCfg = Release|Any CPU
		{CD38AB22-584F-49D6-A831-3AB44097E46E}.Debug|Any CPU.ActiveCfg = Debug|Any CPU
		{CD38AB22-584F-49D6-A831-3AB44097E46E}.Debug|Any CPU.Build.0 = Debug|Any CPU
		{CD38AB22-584F-49D6-A831-3AB44097E46E}.Debug|ARM.ActiveCfg = Debug|Any CPU
		{CD38AB22-584F-49D6-A831-3AB44097E46E}.Debug|iPhone.ActiveCfg = Debug|Any CPU
		{CD38AB22-584F-49D6-A831-3AB44097E46E}.Debug|iPhone.Build.0 = Debug|Any CPU
		{CD38AB22-584F-49D6-A831-3AB44097E46E}.Debug|iPhoneSimulator.ActiveCfg = Debug|Any CPU
		{CD38AB22-584F-49D6-A831-3AB44097E46E}.Debug|iPhoneSimulator.Build.0 = Debug|Any CPU
		{CD38AB22-584F-49D6-A831-3AB44097E46E}.Debug|Mixed Platforms.ActiveCfg = Debug|Any CPU
		{CD38AB22-584F-49D6-A831-3AB44097E46E}.Debug|Mixed Platforms.Build.0 = Debug|Any CPU
		{CD38AB22-584F-49D6-A831-3AB44097E46E}.Debug|x86.ActiveCfg = Debug|Any CPU
		{CD38AB22-584F-49D6-A831-3AB44097E46E}.Release|Any CPU.ActiveCfg = Release|Any CPU
		{CD38AB22-584F-49D6-A831-3AB44097E46E}.Release|Any CPU.Build.0 = Release|Any CPU
		{CD38AB22-584F-49D6-A831-3AB44097E46E}.Release|ARM.ActiveCfg = Release|Any CPU
		{CD38AB22-584F-49D6-A831-3AB44097E46E}.Release|iPhone.ActiveCfg = Release|Any CPU
		{CD38AB22-584F-49D6-A831-3AB44097E46E}.Release|iPhone.Build.0 = Release|Any CPU
		{CD38AB22-584F-49D6-A831-3AB44097E46E}.Release|iPhoneSimulator.ActiveCfg = Release|Any CPU
		{CD38AB22-584F-49D6-A831-3AB44097E46E}.Release|iPhoneSimulator.Build.0 = Release|Any CPU
		{CD38AB22-584F-49D6-A831-3AB44097E46E}.Release|Mixed Platforms.ActiveCfg = Release|Any CPU
		{CD38AB22-584F-49D6-A831-3AB44097E46E}.Release|Mixed Platforms.Build.0 = Release|Any CPU
		{CD38AB22-584F-49D6-A831-3AB44097E46E}.Release|x86.ActiveCfg = Release|Any CPU
		{D052AD8A-F968-4CF7-BFD6-85FB8DC06F96}.Ad-Hoc|Any CPU.ActiveCfg = Ad-Hoc|iPhone
		{D052AD8A-F968-4CF7-BFD6-85FB8DC06F96}.Ad-Hoc|ARM.ActiveCfg = Ad-Hoc|iPhone
		{D052AD8A-F968-4CF7-BFD6-85FB8DC06F96}.Ad-Hoc|iPhone.ActiveCfg = Ad-Hoc|iPhone
		{D052AD8A-F968-4CF7-BFD6-85FB8DC06F96}.Ad-Hoc|iPhone.Build.0 = Ad-Hoc|iPhone
		{D052AD8A-F968-4CF7-BFD6-85FB8DC06F96}.Ad-Hoc|iPhoneSimulator.ActiveCfg = Ad-Hoc|iPhoneSimulator
		{D052AD8A-F968-4CF7-BFD6-85FB8DC06F96}.Ad-Hoc|iPhoneSimulator.Build.0 = Ad-Hoc|iPhoneSimulator
		{D052AD8A-F968-4CF7-BFD6-85FB8DC06F96}.Ad-Hoc|Mixed Platforms.ActiveCfg = Ad-Hoc|iPhone
		{D052AD8A-F968-4CF7-BFD6-85FB8DC06F96}.Ad-Hoc|Mixed Platforms.Build.0 = Ad-Hoc|iPhone
		{D052AD8A-F968-4CF7-BFD6-85FB8DC06F96}.Ad-Hoc|x86.ActiveCfg = Ad-Hoc|iPhone
		{D052AD8A-F968-4CF7-BFD6-85FB8DC06F96}.AppStore|Any CPU.ActiveCfg = AppStore|iPhone
		{D052AD8A-F968-4CF7-BFD6-85FB8DC06F96}.AppStore|ARM.ActiveCfg = AppStore|iPhone
		{D052AD8A-F968-4CF7-BFD6-85FB8DC06F96}.AppStore|iPhone.ActiveCfg = AppStore|iPhone
		{D052AD8A-F968-4CF7-BFD6-85FB8DC06F96}.AppStore|iPhone.Build.0 = AppStore|iPhone
		{D052AD8A-F968-4CF7-BFD6-85FB8DC06F96}.AppStore|iPhoneSimulator.ActiveCfg = AppStore|iPhoneSimulator
		{D052AD8A-F968-4CF7-BFD6-85FB8DC06F96}.AppStore|Mixed Platforms.ActiveCfg = AppStore|iPhone
		{D052AD8A-F968-4CF7-BFD6-85FB8DC06F96}.AppStore|Mixed Platforms.Build.0 = AppStore|iPhone
		{D052AD8A-F968-4CF7-BFD6-85FB8DC06F96}.AppStore|x86.ActiveCfg = AppStore|iPhone
		{D052AD8A-F968-4CF7-BFD6-85FB8DC06F96}.Debug|Any CPU.ActiveCfg = Debug|iPhone
		{D052AD8A-F968-4CF7-BFD6-85FB8DC06F96}.Debug|ARM.ActiveCfg = Debug|iPhone
		{D052AD8A-F968-4CF7-BFD6-85FB8DC06F96}.Debug|iPhone.ActiveCfg = Debug|iPhone
		{D052AD8A-F968-4CF7-BFD6-85FB8DC06F96}.Debug|iPhone.Build.0 = Debug|iPhone
		{D052AD8A-F968-4CF7-BFD6-85FB8DC06F96}.Debug|iPhoneSimulator.ActiveCfg = Debug|iPhoneSimulator
		{D052AD8A-F968-4CF7-BFD6-85FB8DC06F96}.Debug|iPhoneSimulator.Build.0 = Debug|iPhoneSimulator
		{D052AD8A-F968-4CF7-BFD6-85FB8DC06F96}.Debug|Mixed Platforms.ActiveCfg = Debug|iPhone
		{D052AD8A-F968-4CF7-BFD6-85FB8DC06F96}.Debug|Mixed Platforms.Build.0 = Debug|iPhone
		{D052AD8A-F968-4CF7-BFD6-85FB8DC06F96}.Debug|x86.ActiveCfg = Debug|iPhone
		{D052AD8A-F968-4CF7-BFD6-85FB8DC06F96}.Release|Any CPU.ActiveCfg = Release|iPhone
		{D052AD8A-F968-4CF7-BFD6-85FB8DC06F96}.Release|ARM.ActiveCfg = Release|iPhone
		{D052AD8A-F968-4CF7-BFD6-85FB8DC06F96}.Release|iPhone.ActiveCfg = Release|iPhone
		{D052AD8A-F968-4CF7-BFD6-85FB8DC06F96}.Release|iPhone.Build.0 = Release|iPhone
		{D052AD8A-F968-4CF7-BFD6-85FB8DC06F96}.Release|iPhoneSimulator.ActiveCfg = Release|iPhoneSimulator
		{D052AD8A-F968-4CF7-BFD6-85FB8DC06F96}.Release|iPhoneSimulator.Build.0 = Release|iPhoneSimulator
		{D052AD8A-F968-4CF7-BFD6-85FB8DC06F96}.Release|Mixed Platforms.ActiveCfg = Release|iPhone
		{D052AD8A-F968-4CF7-BFD6-85FB8DC06F96}.Release|Mixed Platforms.Build.0 = Release|iPhone
		{D052AD8A-F968-4CF7-BFD6-85FB8DC06F96}.Release|x86.ActiveCfg = Release|iPhone
		{1043362B-4A26-432A-B073-3CB07FA5C8DE}.Ad-Hoc|Any CPU.ActiveCfg = Release|Any CPU
		{1043362B-4A26-432A-B073-3CB07FA5C8DE}.Ad-Hoc|Any CPU.Build.0 = Release|Any CPU
		{1043362B-4A26-432A-B073-3CB07FA5C8DE}.Ad-Hoc|Any CPU.Deploy.0 = Release|Any CPU
		{1043362B-4A26-432A-B073-3CB07FA5C8DE}.Ad-Hoc|ARM.ActiveCfg = Release|Any CPU
		{1043362B-4A26-432A-B073-3CB07FA5C8DE}.Ad-Hoc|iPhone.ActiveCfg = Release|Any CPU
		{1043362B-4A26-432A-B073-3CB07FA5C8DE}.Ad-Hoc|iPhoneSimulator.ActiveCfg = Release|Any CPU
		{1043362B-4A26-432A-B073-3CB07FA5C8DE}.Ad-Hoc|Mixed Platforms.ActiveCfg = Release|Any CPU
		{1043362B-4A26-432A-B073-3CB07FA5C8DE}.Ad-Hoc|Mixed Platforms.Build.0 = Release|Any CPU
		{1043362B-4A26-432A-B073-3CB07FA5C8DE}.Ad-Hoc|Mixed Platforms.Deploy.0 = Release|Any CPU
		{1043362B-4A26-432A-B073-3CB07FA5C8DE}.Ad-Hoc|x86.ActiveCfg = Release|Any CPU
		{1043362B-4A26-432A-B073-3CB07FA5C8DE}.AppStore|Any CPU.ActiveCfg = Release|Any CPU
		{1043362B-4A26-432A-B073-3CB07FA5C8DE}.AppStore|Any CPU.Build.0 = Release|Any CPU
		{1043362B-4A26-432A-B073-3CB07FA5C8DE}.AppStore|Any CPU.Deploy.0 = Release|Any CPU
		{1043362B-4A26-432A-B073-3CB07FA5C8DE}.AppStore|ARM.ActiveCfg = Release|Any CPU
		{1043362B-4A26-432A-B073-3CB07FA5C8DE}.AppStore|iPhone.ActiveCfg = Release|Any CPU
		{1043362B-4A26-432A-B073-3CB07FA5C8DE}.AppStore|iPhoneSimulator.ActiveCfg = Release|Any CPU
		{1043362B-4A26-432A-B073-3CB07FA5C8DE}.AppStore|Mixed Platforms.ActiveCfg = Release|Any CPU
		{1043362B-4A26-432A-B073-3CB07FA5C8DE}.AppStore|Mixed Platforms.Build.0 = Release|Any CPU
		{1043362B-4A26-432A-B073-3CB07FA5C8DE}.AppStore|Mixed Platforms.Deploy.0 = Release|Any CPU
		{1043362B-4A26-432A-B073-3CB07FA5C8DE}.AppStore|x86.ActiveCfg = Release|Any CPU
		{1043362B-4A26-432A-B073-3CB07FA5C8DE}.Debug|Any CPU.ActiveCfg = Debug|Any CPU
		{1043362B-4A26-432A-B073-3CB07FA5C8DE}.Debug|Any CPU.Build.0 = Debug|Any CPU
		{1043362B-4A26-432A-B073-3CB07FA5C8DE}.Debug|Any CPU.Deploy.0 = Debug|Any CPU
		{1043362B-4A26-432A-B073-3CB07FA5C8DE}.Debug|ARM.ActiveCfg = Debug|Any CPU
		{1043362B-4A26-432A-B073-3CB07FA5C8DE}.Debug|iPhone.ActiveCfg = Debug|Any CPU
		{1043362B-4A26-432A-B073-3CB07FA5C8DE}.Debug|iPhoneSimulator.ActiveCfg = Debug|Any CPU
		{1043362B-4A26-432A-B073-3CB07FA5C8DE}.Debug|Mixed Platforms.ActiveCfg = Debug|Any CPU
		{1043362B-4A26-432A-B073-3CB07FA5C8DE}.Debug|Mixed Platforms.Build.0 = Debug|Any CPU
		{1043362B-4A26-432A-B073-3CB07FA5C8DE}.Debug|Mixed Platforms.Deploy.0 = Debug|Any CPU
		{1043362B-4A26-432A-B073-3CB07FA5C8DE}.Debug|x86.ActiveCfg = Debug|Any CPU
		{1043362B-4A26-432A-B073-3CB07FA5C8DE}.Release|Any CPU.ActiveCfg = Release|Any CPU
		{1043362B-4A26-432A-B073-3CB07FA5C8DE}.Release|Any CPU.Build.0 = Release|Any CPU
		{1043362B-4A26-432A-B073-3CB07FA5C8DE}.Release|Any CPU.Deploy.0 = Release|Any CPU
		{1043362B-4A26-432A-B073-3CB07FA5C8DE}.Release|ARM.ActiveCfg = Release|Any CPU
		{1043362B-4A26-432A-B073-3CB07FA5C8DE}.Release|iPhone.ActiveCfg = Release|Any CPU
		{1043362B-4A26-432A-B073-3CB07FA5C8DE}.Release|iPhoneSimulator.ActiveCfg = Release|Any CPU
		{1043362B-4A26-432A-B073-3CB07FA5C8DE}.Release|Mixed Platforms.ActiveCfg = Release|Any CPU
		{1043362B-4A26-432A-B073-3CB07FA5C8DE}.Release|Mixed Platforms.Build.0 = Release|Any CPU
		{1043362B-4A26-432A-B073-3CB07FA5C8DE}.Release|Mixed Platforms.Deploy.0 = Release|Any CPU
		{1043362B-4A26-432A-B073-3CB07FA5C8DE}.Release|x86.ActiveCfg = Release|Any CPU
		{3BACACE6-E4E9-408E-B68A-F115B5F3CFA5}.Ad-Hoc|Any CPU.ActiveCfg = Release|Any CPU
		{3BACACE6-E4E9-408E-B68A-F115B5F3CFA5}.Ad-Hoc|Any CPU.Build.0 = Release|Any CPU
		{3BACACE6-E4E9-408E-B68A-F115B5F3CFA5}.Ad-Hoc|Any CPU.Deploy.0 = Release|Any CPU
		{3BACACE6-E4E9-408E-B68A-F115B5F3CFA5}.Ad-Hoc|ARM.ActiveCfg = Release|ARM
		{3BACACE6-E4E9-408E-B68A-F115B5F3CFA5}.Ad-Hoc|ARM.Build.0 = Release|ARM
		{3BACACE6-E4E9-408E-B68A-F115B5F3CFA5}.Ad-Hoc|ARM.Deploy.0 = Release|ARM
		{3BACACE6-E4E9-408E-B68A-F115B5F3CFA5}.Ad-Hoc|iPhone.ActiveCfg = Release|Any CPU
		{3BACACE6-E4E9-408E-B68A-F115B5F3CFA5}.Ad-Hoc|iPhoneSimulator.ActiveCfg = Release|Any CPU
		{3BACACE6-E4E9-408E-B68A-F115B5F3CFA5}.Ad-Hoc|Mixed Platforms.ActiveCfg = Release|x86
		{3BACACE6-E4E9-408E-B68A-F115B5F3CFA5}.Ad-Hoc|Mixed Platforms.Build.0 = Release|x86
		{3BACACE6-E4E9-408E-B68A-F115B5F3CFA5}.Ad-Hoc|Mixed Platforms.Deploy.0 = Release|x86
		{3BACACE6-E4E9-408E-B68A-F115B5F3CFA5}.Ad-Hoc|x86.ActiveCfg = Release|x86
		{3BACACE6-E4E9-408E-B68A-F115B5F3CFA5}.Ad-Hoc|x86.Build.0 = Release|x86
		{3BACACE6-E4E9-408E-B68A-F115B5F3CFA5}.Ad-Hoc|x86.Deploy.0 = Release|x86
		{3BACACE6-E4E9-408E-B68A-F115B5F3CFA5}.AppStore|Any CPU.ActiveCfg = Release|Any CPU
		{3BACACE6-E4E9-408E-B68A-F115B5F3CFA5}.AppStore|Any CPU.Build.0 = Release|Any CPU
		{3BACACE6-E4E9-408E-B68A-F115B5F3CFA5}.AppStore|Any CPU.Deploy.0 = Release|Any CPU
		{3BACACE6-E4E9-408E-B68A-F115B5F3CFA5}.AppStore|ARM.ActiveCfg = Release|ARM
		{3BACACE6-E4E9-408E-B68A-F115B5F3CFA5}.AppStore|ARM.Build.0 = Release|ARM
		{3BACACE6-E4E9-408E-B68A-F115B5F3CFA5}.AppStore|ARM.Deploy.0 = Release|ARM
		{3BACACE6-E4E9-408E-B68A-F115B5F3CFA5}.AppStore|iPhone.ActiveCfg = Release|Any CPU
		{3BACACE6-E4E9-408E-B68A-F115B5F3CFA5}.AppStore|iPhoneSimulator.ActiveCfg = Release|Any CPU
		{3BACACE6-E4E9-408E-B68A-F115B5F3CFA5}.AppStore|Mixed Platforms.ActiveCfg = Release|x86
		{3BACACE6-E4E9-408E-B68A-F115B5F3CFA5}.AppStore|Mixed Platforms.Build.0 = Release|x86
		{3BACACE6-E4E9-408E-B68A-F115B5F3CFA5}.AppStore|Mixed Platforms.Deploy.0 = Release|x86
		{3BACACE6-E4E9-408E-B68A-F115B5F3CFA5}.AppStore|x86.ActiveCfg = Release|x86
		{3BACACE6-E4E9-408E-B68A-F115B5F3CFA5}.AppStore|x86.Build.0 = Release|x86
		{3BACACE6-E4E9-408E-B68A-F115B5F3CFA5}.AppStore|x86.Deploy.0 = Release|x86
		{3BACACE6-E4E9-408E-B68A-F115B5F3CFA5}.Debug|Any CPU.ActiveCfg = Debug|Any CPU
		{3BACACE6-E4E9-408E-B68A-F115B5F3CFA5}.Debug|Any CPU.Build.0 = Debug|Any CPU
		{3BACACE6-E4E9-408E-B68A-F115B5F3CFA5}.Debug|Any CPU.Deploy.0 = Debug|Any CPU
		{3BACACE6-E4E9-408E-B68A-F115B5F3CFA5}.Debug|ARM.ActiveCfg = Debug|ARM
		{3BACACE6-E4E9-408E-B68A-F115B5F3CFA5}.Debug|ARM.Build.0 = Debug|ARM
		{3BACACE6-E4E9-408E-B68A-F115B5F3CFA5}.Debug|ARM.Deploy.0 = Debug|ARM
		{3BACACE6-E4E9-408E-B68A-F115B5F3CFA5}.Debug|iPhone.ActiveCfg = Debug|Any CPU
		{3BACACE6-E4E9-408E-B68A-F115B5F3CFA5}.Debug|iPhoneSimulator.ActiveCfg = Debug|Any CPU
		{3BACACE6-E4E9-408E-B68A-F115B5F3CFA5}.Debug|Mixed Platforms.ActiveCfg = Debug|x86
		{3BACACE6-E4E9-408E-B68A-F115B5F3CFA5}.Debug|Mixed Platforms.Build.0 = Debug|x86
		{3BACACE6-E4E9-408E-B68A-F115B5F3CFA5}.Debug|Mixed Platforms.Deploy.0 = Debug|x86
		{3BACACE6-E4E9-408E-B68A-F115B5F3CFA5}.Debug|x86.ActiveCfg = Debug|x86
		{3BACACE6-E4E9-408E-B68A-F115B5F3CFA5}.Debug|x86.Build.0 = Debug|x86
		{3BACACE6-E4E9-408E-B68A-F115B5F3CFA5}.Debug|x86.Deploy.0 = Debug|x86
		{3BACACE6-E4E9-408E-B68A-F115B5F3CFA5}.Release|Any CPU.ActiveCfg = Release|Any CPU
		{3BACACE6-E4E9-408E-B68A-F115B5F3CFA5}.Release|Any CPU.Build.0 = Release|Any CPU
		{3BACACE6-E4E9-408E-B68A-F115B5F3CFA5}.Release|Any CPU.Deploy.0 = Release|Any CPU
		{3BACACE6-E4E9-408E-B68A-F115B5F3CFA5}.Release|ARM.ActiveCfg = Release|ARM
		{3BACACE6-E4E9-408E-B68A-F115B5F3CFA5}.Release|ARM.Build.0 = Release|ARM
		{3BACACE6-E4E9-408E-B68A-F115B5F3CFA5}.Release|ARM.Deploy.0 = Release|ARM
		{3BACACE6-E4E9-408E-B68A-F115B5F3CFA5}.Release|iPhone.ActiveCfg = Release|Any CPU
		{3BACACE6-E4E9-408E-B68A-F115B5F3CFA5}.Release|iPhoneSimulator.ActiveCfg = Release|Any CPU
		{3BACACE6-E4E9-408E-B68A-F115B5F3CFA5}.Release|Mixed Platforms.ActiveCfg = Release|x86
		{3BACACE6-E4E9-408E-B68A-F115B5F3CFA5}.Release|Mixed Platforms.Build.0 = Release|x86
		{3BACACE6-E4E9-408E-B68A-F115B5F3CFA5}.Release|Mixed Platforms.Deploy.0 = Release|x86
		{3BACACE6-E4E9-408E-B68A-F115B5F3CFA5}.Release|x86.ActiveCfg = Release|x86
		{3BACACE6-E4E9-408E-B68A-F115B5F3CFA5}.Release|x86.Build.0 = Release|x86
		{3BACACE6-E4E9-408E-B68A-F115B5F3CFA5}.Release|x86.Deploy.0 = Release|x86
	EndGlobalSection
	GlobalSection(SolutionProperties) = preSolution
		HideSolutionNode = FALSE
	EndGlobalSection
EndGlobal
